
Microsoft Visual Studio Solution File, Format Version 12.00
# Visual Studio 2013
VisualStudioVersion = 12.0.40629.0
MinimumVisualStudioVersion = 10.0.40219.1
Project("{FAE04EC0-301F-11D3-BF4B-00C04F79EFBC}") = "WpfApplication1", "WpfApplication1\WpfApplication1.csproj", "{A7E9259A-A4EF-4BD0-94A3-121B5F62755E}"
EndProject
Project("{FAE04EC0-301F-11D3-BF4B-00C04F79EFBC}") = "LeanFtAppModelProject1", "LeanFtAppModelProject1\LeanFtAppModelProject1.csproj", "{3F2AFF9D-21F1-4C69-8B1F-36ED4CAD88F9}"
EndProject
Project("{FAE04EC0-301F-11D3-BF4B-00C04F79EFBC}") = "LeanFtTestProject1", "LeanFtTestProject1\LeanFtTestProject1.csproj", "{062085EE-915C-4990-AB62-F0813677A2F7}"
EndProject
Global
	GlobalSection(SolutionConfigurationPlatforms) = preSolution
		Debug|Any CPU = Debug|Any CPU
		Release|Any CPU = Release|Any CPU
	EndGlobalSection
	GlobalSection(ProjectConfigurationPlatforms) = postSolution
		{A7E9259A-A4EF-4BD0-94A3-121B5F62755E}.Debug|Any CPU.ActiveCfg = Debug|Any CPU
		{A7E9259A-A4EF-4BD0-94A3-121B5F62755E}.Debug|Any CPU.Build.0 = Debug|Any CPU
		{A7E9259A-A4EF-4BD0-94A3-121B5F62755E}.Release|Any CPU.ActiveCfg = Release|Any CPU
		{A7E9259A-A4EF-4BD0-94A3-121B5F62755E}.Release|Any CPU.Build.0 = Release|Any CPU
		{3F2AFF9D-21F1-4C69-8B1F-36ED4CAD88F9}.Debug|Any CPU.ActiveCfg = Debug|Any CPU
		{3F2AFF9D-21F1-4C69-8B1F-36ED4CAD88F9}.Debug|Any CPU.Build.0 = Debug|Any CPU
		{3F2AFF9D-21F1-4C69-8B1F-36ED4CAD88F9}.Release|Any CPU.ActiveCfg = Release|Any CPU
		{3F2AFF9D-21F1-4C69-8B1F-36ED4CAD88F9}.Release|Any CPU.Build.0 = Release|Any CPU
		{062085EE-915C-4990-AB62-F0813677A2F7}.Debug|Any CPU.ActiveCfg = Debug|Any CPU
		{062085EE-915C-4990-AB62-F0813677A2F7}.Debug|Any CPU.Build.0 = Debug|Any CPU
		{062085EE-915C-4990-AB62-F0813677A2F7}.Release|Any CPU.ActiveCfg = Release|Any CPU
		{062085EE-915C-4990-AB62-F0813677A2F7}.Release|Any CPU.Build.0 = Release|Any CPU
	EndGlobalSection
	GlobalSection(SolutionProperties) = preSolution
		HideSolutionNode = FALSE
	EndGlobalSection
EndGlobal
